
Microsoft Visual Studio Solution File, Format Version 12.00
# Visual Studio Version 17
VisualStudioVersion = 17.6.33829.357
MinimumVisualStudioVersion = 10.0.40219.1
Project("{FAE04EC0-301F-11D3-BF4B-00C04F79EFBC}") = "Application", "Application\Application.csproj", "{ED3B4F52-7E79-41A3-A2AD-A5EFA8983CC6}"
EndProject
Project("{FAE04EC0-301F-11D3-BF4B-00C04F79EFBC}") = "Domain", "Domain\Domain.csproj", "{18F822D5-9D00-4C83-B72B-10B58C75E26A}"
EndProject
Project("{FAE04EC0-301F-11D3-BF4B-00C04F79EFBC}") = "Infrastructure", "Infrastructure\Infrastructure.csproj", "{4C2B0168-BD34-4C82-B864-65F2F87F4CA0}"
EndProject
Project("{FAE04EC0-301F-11D3-BF4B-00C04F79EFBC}") = "Persistence", "Persistence\Persistence.csproj", "{8BDB5923-B648-4EBE-9AB0-E5AFE5748F0F}"
EndProject
Project("{FAE04EC0-301F-11D3-BF4B-00C04F79EFBC}") = "WebAPI", "WebAPI\WebAPI.csproj", "{6210A10D-6753-48A7-861C-6601655AA485}"
EndProject
Global
	GlobalSection(SolutionConfigurationPlatforms) = preSolution
		Debug|Any CPU = Debug|Any CPU
		Release|Any CPU = Release|Any CPU
	EndGlobalSection
	GlobalSection(ProjectConfigurationPlatforms) = postSolution
		{ED3B4F52-7E79-41A3-A2AD-A5EFA8983CC6}.Debug|Any CPU.ActiveCfg = Debug|Any CPU
		{ED3B4F52-7E79-41A3-A2AD-A5EFA8983CC6}.Debug|Any CPU.Build.0 = Debug|Any CPU
		{ED3B4F52-7E79-41A3-A2AD-A5EFA8983CC6}.Release|Any CPU.ActiveCfg = Release|Any CPU
		{ED3B4F52-7E79-41A3-A2AD-A5EFA8983CC6}.Release|Any CPU.Build.0 = Release|Any CPU
		{18F822D5-9D00-4C83-B72B-10B58C75E26A}.Debug|Any CPU.ActiveCfg = Debug|Any CPU
		{18F822D5-9D00-4C83-B72B-10B58C75E26A}.Debug|Any CPU.Build.0 = Debug|Any CPU
		{18F822D5-9D00-4C83-B72B-10B58C75E26A}.Release|Any CPU.ActiveCfg = Release|Any CPU
		{18F822D5-9D00-4C83-B72B-10B58C75E26A}.Release|Any CPU.Build.0 = Release|Any CPU
		{4C2B0168-BD34-4C82-B864-65F2F87F4CA0}.Debug|Any CPU.ActiveCfg = Debug|Any CPU
		{4C2B0168-BD34-4C82-B864-65F2F87F4CA0}.Debug|Any CPU.Build.0 = Debug|Any CPU
		{4C2B0168-BD34-4C82-B864-65F2F87F4CA0}.Release|Any CPU.ActiveCfg = Release|Any CPU
		{4C2B0168-BD34-4C82-B864-65F2F87F4CA0}.Release|Any CPU.Build.0 = Release|Any CPU
		{8BDB5923-B648-4EBE-9AB0-E5AFE5748F0F}.Debug|Any CPU.ActiveCfg = Debug|Any CPU
		{8BDB5923-B648-4EBE-9AB0-E5AFE5748F0F}.Debug|Any CPU.Build.0 = Debug|Any CPU
		{8BDB5923-B648-4EBE-9AB0-E5AFE5748F0F}.Release|Any CPU.ActiveCfg = Release|Any CPU
		{8BDB5923-B648-4EBE-9AB0-E5AFE5748F0F}.Release|Any CPU.Build.0 = Release|Any CPU
		{6210A10D-6753-48A7-861C-6601655AA485}.Debug|Any CPU.ActiveCfg = Debug|Any CPU
		{6210A10D-6753-48A7-861C-6601655AA485}.Debug|Any CPU.Build.0 = Debug|Any CPU
		{6210A10D-6753-48A7-861C-6601655AA485}.Release|Any CPU.ActiveCfg = Release|Any CPU
		{6210A10D-6753-48A7-861C-6601655AA485}.Release|Any CPU.Build.0 = Release|Any CPU
	EndGlobalSection
	GlobalSection(SolutionProperties) = preSolution
		HideSolutionNode = FALSE
	EndGlobalSection
	GlobalSection(ExtensibilityGlobals) = postSolution
		SolutionGuid = {C6C9E44E-AC6E-4E20-83D0-68E02CB3F12E}
	EndGlobalSection
EndGlobal
